// !$*UTF8*$!
{
	archiveVersion = 1;
	classes = {
	};
	objectVersion = 56;
	objects = {

/* Begin PBXBuildFile section */
		3F166D5A2BB3107100CAA3CB /* ASTree.swift in Sources */ = {isa = PBXBuildFile; fileRef = 3F166D592BB3107100CAA3CB /* ASTree.swift */; };
		3F166D5C2BB312E100CAA3CB /* NumberLiteral.swift in Sources */ = {isa = PBXBuildFile; fileRef = 3F166D5B2BB312E100CAA3CB /* NumberLiteral.swift */; };
		3F166D5E2BB3131200CAA3CB /* StringLiteral.swift in Sources */ = {isa = PBXBuildFile; fileRef = 3F166D5D2BB3131200CAA3CB /* StringLiteral.swift */; };
		3F166D602BB3134700CAA3CB /* Name.swift in Sources */ = {isa = PBXBuildFile; fileRef = 3F166D5F2BB3134700CAA3CB /* Name.swift */; };
		3F166D622BB3135C00CAA3CB /* BinaryExpr.swift in Sources */ = {isa = PBXBuildFile; fileRef = 3F166D612BB3135C00CAA3CB /* BinaryExpr.swift */; };
		3F166D642BB3146D00CAA3CB /* PrimaryExpr.swift in Sources */ = {isa = PBXBuildFile; fileRef = 3F166D632BB3146D00CAA3CB /* PrimaryExpr.swift */; };
		3F166D662BB3155800CAA3CB /* IfStmnt.swift in Sources */ = {isa = PBXBuildFile; fileRef = 3F166D652BB3155800CAA3CB /* IfStmnt.swift */; };
		3F166D682BB315BA00CAA3CB /* WhileStmnt.swift in Sources */ = {isa = PBXBuildFile; fileRef = 3F166D672BB315BA00CAA3CB /* WhileStmnt.swift */; };
		3F166D6A2BB315F600CAA3CB /* BlockStmnt.swift in Sources */ = {isa = PBXBuildFile; fileRef = 3F166D692BB315F600CAA3CB /* BlockStmnt.swift */; };
		3F166D6C2BB31E0C00CAA3CB /* UnaryExpr.swift in Sources */ = {isa = PBXBuildFile; fileRef = 3F166D6B2BB31E0C00CAA3CB /* UnaryExpr.swift */; };
		3F166DCC2BB5CA6600CAA3CB /* Parser.swift in Sources */ = {isa = PBXBuildFile; fileRef = 3F166DCB2BB5CA6600CAA3CB /* Parser.swift */; };
		3F166DCE2BB7245600CAA3CB /* NullStmnt.swift in Sources */ = {isa = PBXBuildFile; fileRef = 3F166DCD2BB7245600CAA3CB /* NullStmnt.swift */; };
		3F166DD12BBC3FFE00CAA3CB /* Visitor.swift in Sources */ = {isa = PBXBuildFile; fileRef = 3F166DD02BBC3FFE00CAA3CB /* Visitor.swift */; };
		3F166DD32BBC443500CAA3CB /* EvalVisitor.swift in Sources */ = {isa = PBXBuildFile; fileRef = 3F166DD22BBC443500CAA3CB /* EvalVisitor.swift */; };
		3F166DD52BBC4DDA00CAA3CB /* Environment.swift in Sources */ = {isa = PBXBuildFile; fileRef = 3F166DD42BBC4DDA00CAA3CB /* Environment.swift */; };
		3F166DD72BC2E2F500CAA3CB /* DefStmnt.swift in Sources */ = {isa = PBXBuildFile; fileRef = 3F166DD62BC2E2F500CAA3CB /* DefStmnt.swift */; };
		3F166DD92BC2E35000CAA3CB /* ParameterList.swift in Sources */ = {isa = PBXBuildFile; fileRef = 3F166DD82BC2E35000CAA3CB /* ParameterList.swift */; };
		3F166DDB2BC2E45A00CAA3CB /* Postfix.swift in Sources */ = {isa = PBXBuildFile; fileRef = 3F166DDA2BC2E45A00CAA3CB /* Postfix.swift */; };
		3F166DDE2BC2F12D00CAA3CB /* Function.swift in Sources */ = {isa = PBXBuildFile; fileRef = 3F166DDD2BC2F12D00CAA3CB /* Function.swift */; };
		3F595E402BB1AAD10019C3F9 /* main.swift in Sources */ = {isa = PBXBuildFile; fileRef = 3F595E3F2BB1AAD10019C3F9 /* main.swift */; };
		3F595E472BB1B5C40019C3F9 /* Lexer.swift in Sources */ = {isa = PBXBuildFile; fileRef = 3F595E462BB1B5C40019C3F9 /* Lexer.swift */; };
		3F595E492BB1BB860019C3F9 /* Token.swift in Sources */ = {isa = PBXBuildFile; fileRef = 3F595E482BB1BB860019C3F9 /* Token.swift */; };
		3FEAB0142BC586CA00AEB81A /* StoneObject.swift in Sources */ = {isa = PBXBuildFile; fileRef = 3FEAB0132BC586CA00AEB81A /* StoneObject.swift */; };
		3FFC2D2A2BC42B5900F735D4 /* NativeFunction.swift in Sources */ = {isa = PBXBuildFile; fileRef = 3FFC2D292BC42B5900F735D4 /* NativeFunction.swift */; };
		3FFC2D2C2BC445F900F735D4 /* ClassStmnt.swift in Sources */ = {isa = PBXBuildFile; fileRef = 3FFC2D2B2BC445F900F735D4 /* ClassStmnt.swift */; };
		3FFC2D2E2BC44FAE00F735D4 /* ClassInfo.swift in Sources */ = {isa = PBXBuildFile; fileRef = 3FFC2D2D2BC44FAE00F735D4 /* ClassInfo.swift */; };
/* End PBXBuildFile section */

/* Begin PBXCopyFilesBuildPhase section */
		3F595E3A2BB1AAD10019C3F9 /* CopyFiles */ = {
			isa = PBXCopyFilesBuildPhase;
			buildActionMask = 2147483647;
			dstPath = /usr/share/man/man1/;
			dstSubfolderSpec = 0;
			files = (
			);
			runOnlyForDeploymentPostprocessing = 1;
		};
/* End PBXCopyFilesBuildPhase section */

/* Begin PBXFileReference section */
		3F166D592BB3107100CAA3CB /* ASTree.swift */ = {isa = PBXFileReference; lastKnownFileType = sourcecode.swift; path = ASTree.swift; sourceTree = "<group>"; };
		3F166D5B2BB312E100CAA3CB /* NumberLiteral.swift */ = {isa = PBXFileReference; lastKnownFileType = sourcecode.swift; path = NumberLiteral.swift; sourceTree = "<group>"; };
		3F166D5D2BB3131200CAA3CB /* StringLiteral.swift */ = {isa = PBXFileReference; lastKnownFileType = sourcecode.swift; path = StringLiteral.swift; sourceTree = "<group>"; };
		3F166D5F2BB3134700CAA3CB /* Name.swift */ = {isa = PBXFileReference; lastKnownFileType = sourcecode.swift; path = Name.swift; sourceTree = "<group>"; };
		3F166D612BB3135C00CAA3CB /* BinaryExpr.swift */ = {isa = PBXFileReference; lastKnownFileType = sourcecode.swift; path = BinaryExpr.swift; sourceTree = "<group>"; };
		3F166D632BB3146D00CAA3CB /* PrimaryExpr.swift */ = {isa = PBXFileReference; lastKnownFileType = sourcecode.swift; path = PrimaryExpr.swift; sourceTree = "<group>"; };
		3F166D652BB3155800CAA3CB /* IfStmnt.swift */ = {isa = PBXFileReference; lastKnownFileType = sourcecode.swift; path = IfStmnt.swift; sourceTree = "<group>"; };
		3F166D672BB315BA00CAA3CB /* WhileStmnt.swift */ = {isa = PBXFileReference; lastKnownFileType = sourcecode.swift; path = WhileStmnt.swift; sourceTree = "<group>"; };
		3F166D692BB315F600CAA3CB /* BlockStmnt.swift */ = {isa = PBXFileReference; lastKnownFileType = sourcecode.swift; path = BlockStmnt.swift; sourceTree = "<group>"; };
		3F166D6B2BB31E0C00CAA3CB /* UnaryExpr.swift */ = {isa = PBXFileReference; lastKnownFileType = sourcecode.swift; path = UnaryExpr.swift; sourceTree = "<group>"; };
		3F166DCB2BB5CA6600CAA3CB /* Parser.swift */ = {isa = PBXFileReference; lastKnownFileType = sourcecode.swift; path = Parser.swift; sourceTree = "<group>"; };
		3F166DCD2BB7245600CAA3CB /* NullStmnt.swift */ = {isa = PBXFileReference; lastKnownFileType = sourcecode.swift; path = NullStmnt.swift; sourceTree = "<group>"; };
		3F166DD02BBC3FFE00CAA3CB /* Visitor.swift */ = {isa = PBXFileReference; lastKnownFileType = sourcecode.swift; path = Visitor.swift; sourceTree = "<group>"; };
		3F166DD22BBC443500CAA3CB /* EvalVisitor.swift */ = {isa = PBXFileReference; lastKnownFileType = sourcecode.swift; path = EvalVisitor.swift; sourceTree = "<group>"; };
		3F166DD42BBC4DDA00CAA3CB /* Environment.swift */ = {isa = PBXFileReference; lastKnownFileType = sourcecode.swift; path = Environment.swift; sourceTree = "<group>"; };
		3F166DD62BC2E2F500CAA3CB /* DefStmnt.swift */ = {isa = PBXFileReference; lastKnownFileType = sourcecode.swift; path = DefStmnt.swift; sourceTree = "<group>"; };
		3F166DD82BC2E35000CAA3CB /* ParameterList.swift */ = {isa = PBXFileReference; lastKnownFileType = sourcecode.swift; path = ParameterList.swift; sourceTree = "<group>"; };
		3F166DDA2BC2E45A00CAA3CB /* Postfix.swift */ = {isa = PBXFileReference; lastKnownFileType = sourcecode.swift; path = Postfix.swift; sourceTree = "<group>"; };
		3F166DDD2BC2F12D00CAA3CB /* Function.swift */ = {isa = PBXFileReference; lastKnownFileType = sourcecode.swift; path = Function.swift; sourceTree = "<group>"; };
		3F595E3C2BB1AAD10019C3F9 /* stone */ = {isa = PBXFileReference; explicitFileType = "compiled.mach-o.executable"; includeInIndex = 0; path = stone; sourceTree = BUILT_PRODUCTS_DIR; };
		3F595E3F2BB1AAD10019C3F9 /* main.swift */ = {isa = PBXFileReference; lastKnownFileType = sourcecode.swift; path = main.swift; sourceTree = "<group>"; };
		3F595E462BB1B5C40019C3F9 /* Lexer.swift */ = {isa = PBXFileReference; lastKnownFileType = sourcecode.swift; path = Lexer.swift; sourceTree = "<group>"; };
		3F595E482BB1BB860019C3F9 /* Token.swift */ = {isa = PBXFileReference; lastKnownFileType = sourcecode.swift; path = Token.swift; sourceTree = "<group>"; };
		3FEAB0132BC586CA00AEB81A /* StoneObject.swift */ = {isa = PBXFileReference; lastKnownFileType = sourcecode.swift; path = StoneObject.swift; sourceTree = "<group>"; };
		3FFC2D292BC42B5900F735D4 /* NativeFunction.swift */ = {isa = PBXFileReference; lastKnownFileType = sourcecode.swift; path = NativeFunction.swift; sourceTree = "<group>"; };
		3FFC2D2B2BC445F900F735D4 /* ClassStmnt.swift */ = {isa = PBXFileReference; lastKnownFileType = sourcecode.swift; path = ClassStmnt.swift; sourceTree = "<group>"; };
		3FFC2D2D2BC44FAE00F735D4 /* ClassInfo.swift */ = {isa = PBXFileReference; lastKnownFileType = sourcecode.swift; path = ClassInfo.swift; sourceTree = "<group>"; };
/* End PBXFileReference section */

/* Begin PBXFrameworksBuildPhase section */
		3F595E392BB1AAD10019C3F9 /* Frameworks */ = {
			isa = PBXFrameworksBuildPhase;
			buildActionMask = 2147483647;
			files = (
			);
			runOnlyForDeploymentPostprocessing = 0;
		};
/* End PBXFrameworksBuildPhase section */

/* Begin PBXGroup section */
		3F166D582BB3106400CAA3CB /* ast */ = {
			isa = PBXGroup;
			children = (
				3F166D592BB3107100CAA3CB /* ASTree.swift */,
				3F166D5B2BB312E100CAA3CB /* NumberLiteral.swift */,
				3F166D5D2BB3131200CAA3CB /* StringLiteral.swift */,
				3F166D5F2BB3134700CAA3CB /* Name.swift */,
				3F166D612BB3135C00CAA3CB /* BinaryExpr.swift */,
				3F166D632BB3146D00CAA3CB /* PrimaryExpr.swift */,
				3F166D652BB3155800CAA3CB /* IfStmnt.swift */,
				3F166D672BB315BA00CAA3CB /* WhileStmnt.swift */,
				3F166D692BB315F600CAA3CB /* BlockStmnt.swift */,
				3F166D6B2BB31E0C00CAA3CB /* UnaryExpr.swift */,
				3F166DCD2BB7245600CAA3CB /* NullStmnt.swift */,
				3F166DD62BC2E2F500CAA3CB /* DefStmnt.swift */,
				3F166DD82BC2E35000CAA3CB /* ParameterList.swift */,
				3F166DDA2BC2E45A00CAA3CB /* Postfix.swift */,
				3FFC2D2B2BC445F900F735D4 /* ClassStmnt.swift */,
			);
			path = ast;
			sourceTree = "<group>";
		};
		3F166DCF2BBC3FEE00CAA3CB /* visitor */ = {
			isa = PBXGroup;
			children = (
				3F166DD02BBC3FFE00CAA3CB /* Visitor.swift */,
			);
			path = visitor;
			sourceTree = "<group>";
		};
		3F166DDC2BC2F11900CAA3CB /* eval */ = {
			isa = PBXGroup;
			children = (
				3F166DD22BBC443500CAA3CB /* EvalVisitor.swift */,
				3F166DD42BBC4DDA00CAA3CB /* Environment.swift */,
				3F166DDD2BC2F12D00CAA3CB /* Function.swift */,
				3FFC2D292BC42B5900F735D4 /* NativeFunction.swift */,
				3FFC2D2D2BC44FAE00F735D4 /* ClassInfo.swift */,
				3FEAB0132BC586CA00AEB81A /* StoneObject.swift */,
			);
			path = eval;
			sourceTree = "<group>";
		};
		3F595E332BB1AAD10019C3F9 = {
			isa = PBXGroup;
			children = (
				3F595E3E2BB1AAD10019C3F9 /* stone */,
				3F595E3D2BB1AAD10019C3F9 /* Products */,
			);
			sourceTree = "<group>";
		};
		3F595E3D2BB1AAD10019C3F9 /* Products */ = {
			isa = PBXGroup;
			children = (
				3F595E3C2BB1AAD10019C3F9 /* stone */,
			);
			name = Products;
			sourceTree = "<group>";
		};
		3F595E3E2BB1AAD10019C3F9 /* stone */ = {
			isa = PBXGroup;
			children = (
				3F166DDC2BC2F11900CAA3CB /* eval */,
				3F166DCF2BBC3FEE00CAA3CB /* visitor */,
				3F166D582BB3106400CAA3CB /* ast */,
				3F595E3F2BB1AAD10019C3F9 /* main.swift */,
				3F595E482BB1BB860019C3F9 /* Token.swift */,
				3F595E462BB1B5C40019C3F9 /* Lexer.swift */,
				3F166DCB2BB5CA6600CAA3CB /* Parser.swift */,
			);
			path = stone;
			sourceTree = "<group>";
		};
/* End PBXGroup section */

/* Begin PBXNativeTarget section */
		3F595E3B2BB1AAD10019C3F9 /* stone */ = {
			isa = PBXNativeTarget;
			buildConfigurationList = 3F595E432BB1AAD10019C3F9 /* Build configuration list for PBXNativeTarget "stone" */;
			buildPhases = (
				3F595E382BB1AAD10019C3F9 /* Sources */,
				3F595E392BB1AAD10019C3F9 /* Frameworks */,
				3F595E3A2BB1AAD10019C3F9 /* CopyFiles */,
			);
			buildRules = (
			);
			dependencies = (
			);
			name = stone;
			productName = stone;
			productReference = 3F595E3C2BB1AAD10019C3F9 /* stone */;
			productType = "com.apple.product-type.tool";
		};
/* End PBXNativeTarget section */

/* Begin PBXProject section */
		3F595E342BB1AAD10019C3F9 /* Project object */ = {
			isa = PBXProject;
			attributes = {
				BuildIndependentTargetsInParallel = 1;
				LastSwiftUpdateCheck = 1530;
				LastUpgradeCheck = 1530;
				TargetAttributes = {
					3F595E3B2BB1AAD10019C3F9 = {
						CreatedOnToolsVersion = 15.3;
					};
				};
			};
			buildConfigurationList = 3F595E372BB1AAD10019C3F9 /* Build configuration list for PBXProject "stone" */;
			compatibilityVersion = "Xcode 14.0";
			developmentRegion = en;
			hasScannedForEncodings = 0;
			knownRegions = (
				en,
				Base,
			);
			mainGroup = 3F595E332BB1AAD10019C3F9;
			productRefGroup = 3F595E3D2BB1AAD10019C3F9 /* Products */;
			projectDirPath = "";
			projectRoot = "";
			targets = (
				3F595E3B2BB1AAD10019C3F9 /* stone */,
			);
		};
/* End PBXProject section */

/* Begin PBXSourcesBuildPhase section */
		3F595E382BB1AAD10019C3F9 /* Sources */ = {
			isa = PBXSourcesBuildPhase;
			buildActionMask = 2147483647;
			files = (
				3F166D6A2BB315F600CAA3CB /* BlockStmnt.swift in Sources */,
				3F166D682BB315BA00CAA3CB /* WhileStmnt.swift in Sources */,
				3F166D5E2BB3131200CAA3CB /* StringLiteral.swift in Sources */,
				3F166D642BB3146D00CAA3CB /* PrimaryExpr.swift in Sources */,
				3F595E492BB1BB860019C3F9 /* Token.swift in Sources */,
				3F166D662BB3155800CAA3CB /* IfStmnt.swift in Sources */,
				3FEAB0142BC586CA00AEB81A /* StoneObject.swift in Sources */,
				3F166DCC2BB5CA6600CAA3CB /* Parser.swift in Sources */,
				3FFC2D2C2BC445F900F735D4 /* ClassStmnt.swift in Sources */,
				3F595E472BB1B5C40019C3F9 /* Lexer.swift in Sources */,
				3F166DD12BBC3FFE00CAA3CB /* Visitor.swift in Sources */,
				3F595E402BB1AAD10019C3F9 /* main.swift in Sources */,
				3F166DCE2BB7245600CAA3CB /* NullStmnt.swift in Sources */,
				3F166D6C2BB31E0C00CAA3CB /* UnaryExpr.swift in Sources */,
				3F166D5A2BB3107100CAA3CB /* ASTree.swift in Sources */,
				3F166D602BB3134700CAA3CB /* Name.swift in Sources */,
				3F166D5C2BB312E100CAA3CB /* NumberLiteral.swift in Sources */,
				3F166DD92BC2E35000CAA3CB /* ParameterList.swift in Sources */,
				3FFC2D2E2BC44FAE00F735D4 /* ClassInfo.swift in Sources */,
				3F166D622BB3135C00CAA3CB /* BinaryExpr.swift in Sources */,
				3F166DD32BBC443500CAA3CB /* EvalVisitor.swift in Sources */,
				3F166DD72BC2E2F500CAA3CB /* DefStmnt.swift in Sources */,
				3F166DDB2BC2E45A00CAA3CB /* Postfix.swift in Sources */,
				3F166DD52BBC4DDA00CAA3CB /* Environment.swift in Sources */,
				3FFC2D2A2BC42B5900F735D4 /* NativeFunction.swift in Sources */,
				3F166DDE2BC2F12D00CAA3CB /* Function.swift in Sources */,
			);
			runOnlyForDeploymentPostprocessing = 0;
		};
/* End PBXSourcesBuildPhase section */

/* Begin XCBuildConfiguration section */
		3F595E412BB1AAD10019C3F9 /* Debug */ = {
			isa = XCBuildConfiguration;
			buildSettings = {
				ALWAYS_SEARCH_USER_PATHS = NO;
				ASSETCATALOG_COMPILER_GENERATE_SWIFT_ASSET_SYMBOL_EXTENSIONS = YES;
				CLANG_ANALYZER_NONNULL = YES;
				CLANG_ANALYZER_NUMBER_OBJECT_CONVERSION = YES_AGGRESSIVE;
				CLANG_CXX_LANGUAGE_STANDARD = "gnu++20";
				CLANG_ENABLE_MODULES = YES;
				CLANG_ENABLE_OBJC_ARC = YES;
				CLANG_ENABLE_OBJC_WEAK = YES;
				CLANG_WARN_BLOCK_CAPTURE_AUTORELEASING = YES;
				CLANG_WARN_BOOL_CONVERSION = YES;
				CLANG_WARN_COMMA = YES;
				CLANG_WARN_CONSTANT_CONVERSION = YES;
				CLANG_WARN_DEPRECATED_OBJC_IMPLEMENTATIONS = YES;
				CLANG_WARN_DIRECT_OBJC_ISA_USAGE = YES_ERROR;
				CLANG_WARN_DOCUMENTATION_COMMENTS = YES;
				CLANG_WARN_EMPTY_BODY = YES;
				CLANG_WARN_ENUM_CONVERSION = YES;
				CLANG_WARN_INFINITE_RECURSION = YES;
				CLANG_WARN_INT_CONVERSION = YES;
				CLANG_WARN_NON_LITERAL_NULL_CONVERSION = YES;
				CLANG_WARN_OBJC_IMPLICIT_RETAIN_SELF = YES;
				CLANG_WARN_OBJC_LITERAL_CONVERSION = YES;
				CLANG_WARN_OBJC_ROOT_CLASS = YES_ERROR;
				CLANG_WARN_QUOTED_INCLUDE_IN_FRAMEWORK_HEADER = YES;
				CLANG_WARN_RANGE_LOOP_ANALYSIS = YES;
				CLANG_WARN_STRICT_PROTOTYPES = YES;
				CLANG_WARN_SUSPICIOUS_MOVE = YES;
				CLANG_WARN_UNGUARDED_AVAILABILITY = YES_AGGRESSIVE;
				CLANG_WARN_UNREACHABLE_CODE = YES;
				CLANG_WARN__DUPLICATE_METHOD_MATCH = YES;
				COPY_PHASE_STRIP = NO;
				DEBUG_INFORMATION_FORMAT = dwarf;
				ENABLE_STRICT_OBJC_MSGSEND = YES;
				ENABLE_TESTABILITY = YES;
				ENABLE_USER_SCRIPT_SANDBOXING = YES;
				GCC_C_LANGUAGE_STANDARD = gnu17;
				GCC_DYNAMIC_NO_PIC = NO;
				GCC_NO_COMMON_BLOCKS = YES;
				GCC_OPTIMIZATION_LEVEL = 0;
				GCC_PREPROCESSOR_DEFINITIONS = (
					"DEBUG=1",
					"$(inherited)",
				);
				GCC_WARN_64_TO_32_BIT_CONVERSION = YES;
				GCC_WARN_ABOUT_RETURN_TYPE = YES_ERROR;
				GCC_WARN_UNDECLARED_SELECTOR = YES;
				GCC_WARN_UNINITIALIZED_AUTOS = YES_AGGRESSIVE;
				GCC_WARN_UNUSED_FUNCTION = YES;
				GCC_WARN_UNUSED_VARIABLE = YES;
				LOCALIZATION_PREFERS_STRING_CATALOGS = YES;
				MACOSX_DEPLOYMENT_TARGET = 14.2;
				MTL_ENABLE_DEBUG_INFO = INCLUDE_SOURCE;
				MTL_FAST_MATH = YES;
				ONLY_ACTIVE_ARCH = YES;
				SDKROOT = macosx;
				SWIFT_ACTIVE_COMPILATION_CONDITIONS = "DEBUG $(inherited)";
				SWIFT_OPTIMIZATION_LEVEL = "-Onone";
			};
			name = Debug;
		};
		3F595E422BB1AAD10019C3F9 /* Release */ = {
			isa = XCBuildConfiguration;
			buildSettings = {
				ALWAYS_SEARCH_USER_PATHS = NO;
				ASSETCATALOG_COMPILER_GENERATE_SWIFT_ASSET_SYMBOL_EXTENSIONS = YES;
				CLANG_ANALYZER_NONNULL = YES;
				CLANG_ANALYZER_NUMBER_OBJECT_CONVERSION = YES_AGGRESSIVE;
				CLANG_CXX_LANGUAGE_STANDARD = "gnu++20";
				CLANG_ENABLE_MODULES = YES;
				CLANG_ENABLE_OBJC_ARC = YES;
				CLANG_ENABLE_OBJC_WEAK = YES;
				CLANG_WARN_BLOCK_CAPTURE_AUTORELEASING = YES;
				CLANG_WARN_BOOL_CONVERSION = YES;
				CLANG_WARN_COMMA = YES;
				CLANG_WARN_CONSTANT_CONVERSION = YES;
				CLANG_WARN_DEPRECATED_OBJC_IMPLEMENTATIONS = YES;
				CLANG_WARN_DIRECT_OBJC_ISA_USAGE = YES_ERROR;
				CLANG_WARN_DOCUMENTATION_COMMENTS = YES;
				CLANG_WARN_EMPTY_BODY = YES;
				CLANG_WARN_ENUM_CONVERSION = YES;
				CLANG_WARN_INFINITE_RECURSION = YES;
				CLANG_WARN_INT_CONVERSION = YES;
				CLANG_WARN_NON_LITERAL_NULL_CONVERSION = YES;
				CLANG_WARN_OBJC_IMPLICIT_RETAIN_SELF = YES;
				CLANG_WARN_OBJC_LITERAL_CONVERSION = YES;
				CLANG_WARN_OBJC_ROOT_CLASS = YES_ERROR;
				CLANG_WARN_QUOTED_INCLUDE_IN_FRAMEWORK_HEADER = YES;
				CLANG_WARN_RANGE_LOOP_ANALYSIS = YES;
				CLANG_WARN_STRICT_PROTOTYPES = YES;
				CLANG_WARN_SUSPICIOUS_MOVE = YES;
				CLANG_WARN_UNGUARDED_AVAILABILITY = YES_AGGRESSIVE;
				CLANG_WARN_UNREACHABLE_CODE = YES;
				CLANG_WARN__DUPLICATE_METHOD_MATCH = YES;
				COPY_PHASE_STRIP = NO;
				DEBUG_INFORMATION_FORMAT = "dwarf-with-dsym";
				ENABLE_NS_ASSERTIONS = NO;
				ENABLE_STRICT_OBJC_MSGSEND = YES;
				ENABLE_USER_SCRIPT_SANDBOXING = YES;
				GCC_C_LANGUAGE_STANDARD = gnu17;
				GCC_NO_COMMON_BLOCKS = YES;
				GCC_WARN_64_TO_32_BIT_CONVERSION = YES;
				GCC_WARN_ABOUT_RETURN_TYPE = YES_ERROR;
				GCC_WARN_UNDECLARED_SELECTOR = YES;
				GCC_WARN_UNINITIALIZED_AUTOS = YES_AGGRESSIVE;
				GCC_WARN_UNUSED_FUNCTION = YES;
				GCC_WARN_UNUSED_VARIABLE = YES;
				LOCALIZATION_PREFERS_STRING_CATALOGS = YES;
				MACOSX_DEPLOYMENT_TARGET = 14.2;
				MTL_ENABLE_DEBUG_INFO = NO;
				MTL_FAST_MATH = YES;
				SDKROOT = macosx;
				SWIFT_COMPILATION_MODE = wholemodule;
			};
			name = Release;
		};
		3F595E442BB1AAD10019C3F9 /* Debug */ = {
			isa = XCBuildConfiguration;
			buildSettings = {
				CODE_SIGN_STYLE = Automatic;
				DEVELOPMENT_TEAM = "";
				ENABLE_HARDENED_RUNTIME = YES;
				PRODUCT_NAME = "$(TARGET_NAME)";
				SWIFT_VERSION = 5.0;
			};
			name = Debug;
		};
		3F595E452BB1AAD10019C3F9 /* Release */ = {
			isa = XCBuildConfiguration;
			buildSettings = {
				CODE_SIGN_STYLE = Automatic;
				DEVELOPMENT_TEAM = "";
				ENABLE_HARDENED_RUNTIME = YES;
				PRODUCT_NAME = "$(TARGET_NAME)";
				SWIFT_VERSION = 5.0;
			};
			name = Release;
		};
/* End XCBuildConfiguration section */

/* Begin XCConfigurationList section */
		3F595E372BB1AAD10019C3F9 /* Build configuration list for PBXProject "stone" */ = {
			isa = XCConfigurationList;
			buildConfigurations = (
				3F595E412BB1AAD10019C3F9 /* Debug */,
				3F595E422BB1AAD10019C3F9 /* Release */,
			);
			defaultConfigurationIsVisible = 0;
			defaultConfigurationName = Release;
		};
		3F595E432BB1AAD10019C3F9 /* Build configuration list for PBXNativeTarget "stone" */ = {
			isa = XCConfigurationList;
			buildConfigurations = (
				3F595E442BB1AAD10019C3F9 /* Debug */,
				3F595E452BB1AAD10019C3F9 /* Release */,
			);
			defaultConfigurationIsVisible = 0;
			defaultConfigurationName = Release;
		};
/* End XCConfigurationList section */
	};
	rootObject = 3F595E342BB1AAD10019C3F9 /* Project object */;
}
